FORMAT_VERSION=1
STAGE=BASE-06G.2
RESULT=PASS

UPSTREAM_COMMIT=eca587d0597ad9c39702f984d770465ec9aa2ed5
UPSTREAM_SOURCE_PATH=srsRAN/docker/flexRIC/flexric/examples/xApp/c/monitor/xapp_oran_moni.c
INSTRUMENTED_SOURCE_SHA256=0fed2a1c62e28da1b3af02533176fadc943665248ddc8b640167ab7c16b1fd4e

REPOSITORY_BASE_COMMIT=cbc1f8d6077e6dd0b1fa8ef0ca5897f533c47dd1

REPORT_PATH=deploy/phase-2-flexric/emulator-xapp/docs/BASE-06G.2-KPM-STRUCTURAL-TRACE.txt
REPORT_SHA256=82298e8805c85ad4b980adba9eb522b41cd442cb95cf622cb1d2ca11c4fb27ad

PATCH_PATH=deploy/phase-2-flexric/emulator-xapp/patches/0002-xapp-oran-moni-kpm-structural-trace.patch
PATCH_SHA256=cca48a1d17cace3ea31e9c7c00bbb987709b45ceaefd3a7b1ffdc12f4136e1f9
PATCH_APPLIES_TO_UPSTREAM_INDEX=yes

DIAGNOSTIC_IMAGE=tcd-oran/flexric-emulator:e2ap-v2-kpm-v3-base06g2-0fed2a1c-trace
DIAGNOSTIC_IMAGE_ID=sha256:9b4451db401abde70cb0cd1e1065d1636c6c5fff9911fe2e33b8c0a7656d070e
DIAGNOSTIC_BINARY_SHA256=af50ee6b6a9ab4080cc325b0213c571b73d89a660a92f5b0e85b009eef33e45c
DIAGNOSTIC_IMAGE_RUNTIME_READY=no
DIAGNOSTIC_IMAGE_MISSING_LIBRARY=libmysqlclient.so.21

XAPP_CONFIG_SHA256=c64b101f87825f181c0d7557ec7414831c87102bff9abf0cc96e6a980ad68916

ACTION_1_PATH=/home/ubuntu/base-06g-evidence/20260726T191306Z-base-06g-2-action-1-precheck-source-audit
ACTION_1_TREE_SHA256=3d009d879fa468920d32f30c248b7493337ac3ba46344b135727fa309f470575

ACTION_2_PATH=/home/ubuntu/base-06g-evidence/20260726T192750Z-base-06g-2-action-2-trace-infrastructure
ACTION_2_TREE_SHA256=0d2bd5d172cdd7339e818f7a2f2e4308993689dcf1890c83d9bc99f4168cacca

ACTION_3_PATH=/home/ubuntu/base-06g-evidence/20260726T193446Z-base-06g-2-action-3-callback-instrumentation
ACTION_3_TREE_SHA256=a48d844c397639a4f7b799b96772ef15d3ecc8ab0744b84bad12117d521e9eb9

ACTION_4_PATH=/home/ubuntu/base-06g-evidence/20260726T194805Z-base-06g-2-action-4-build-static-audit
ACTION_4_TREE_SHA256=4613cf4ecc94a0178ebba89c64b5b5ba4810e79e252a86dc366a9f06ebcbd5ce
ACTION_4_REQUIRED_SCOPE=PASS
ACTION_4_ASAN_EXTENSION=DEFERRED_TO_TEST_01

ACTION_5A_PATH=/home/ubuntu/base-06g-evidence/20260727T082732Z-base-06g-2-action-5-runtime-preflight
ACTION_5A_TREE_SHA256=40c6bd4eb7bad17fbc4f0a01bdb711d9b954765dade0ab20ae936bb88da508b4

ACTION_5B_PATH=/home/ubuntu/base-06g-evidence/20260727T083022Z-base-06g-2-action-5b-runtime-contract
ACTION_5B_TREE_SHA256=c493f85b8181d20e9714bfd0226d30bed00c026a91e83aa7081d2794ae25f400

ACTION_5_VIABILITY_PATH=/home/ubuntu/base-06g-evidence/20260727T084310Z-base-06g-2-action-5c-runtime-viability
ACTION_5_VIABILITY_TREE_SHA256=cb73192a4c718c75846e278a86ce57c38b913a084bbdc3b8eca39712a777882e

ACTION_5_RUNTIME_PATH=/home/ubuntu/base-06g-evidence/20260727T084701Z-base-06g-2-action-5c-runtime-carrier
ACTION_5_RUNTIME_TREE_SHA256=d645ace8d550cfe21f7711ee50ea40611ff5bbebeb3add7c1b2da26c24dd9d1e

ACTION_6A_PATH=/home/ubuntu/base-06g-evidence/20260727T085206Z-base-06g-2-action-6a-sealing-inventory
ACTION_6A_TREE_SHA256=fe77b3c6174c4f01057cf677516a5613d96f405ccb3370d4aa907abd68edca28

TRACE_RECORD_COUNT=490
INDICATION_INDEX_COUNT=490
UNIQUE_INDICATION_COUNT=11
INDICATION_INDEX_MONOTONIC=yes
MALFORMED_TRACE_RECORD_COUNT=0
INCOMPLETE_RECORD_COUNT=0
CRASH_MARKER_COUNT=0
LENGTH_MISMATCH_RECORD_COUNT=351
MAPPING_STATUS_NOT_APPLICABLE_COUNT=139

RUNTIME_EXIT_CODE=0
RUNTIME_COMPLETION_MODE=natural_exit
RUNTIME_OBSERVED_SECONDS=13
RUNTIME_ACTUAL_DURATION_SECONDS=15

NEXT_ACTIVITY=COLLECTOR-01
