IMAGE=tcd-oran/flexric-emulator:e2ap-v2-kpm-v3-b1d6d36-p2
IMAGE_ID=sha256:9965de270d3eb0e4e39df245f3352330fe9f3d8489bfe303fb0ac36c65bf939b
REPO_DIGEST=tcd-oran/flexric-emulator@sha256:9965de270d3eb0e4e39df245f3352330fe9f3d8489bfe303fb0ac36c65bf939b
IMAGE_CREATED=2026-07-24T21:35:53.647896883Z
IMAGE_SIZE_BYTES=309172058
PLATFORM=linux/amd64
ENTRYPOINT=null
CMD=/bin/bash
WORKING_DIR=/opt/flexric
SOURCE_CONVERGE_COMMIT=b1d6d36334a44a0dfeaacd643b82948259355d7c
FLEXRIC_TREE=bfd1a35b019f9ea7f48d5ee95e2751219e7ad578
E2AP_VERSION=E2AP_V2
KPM_VERSION=KPM_V3_00
PATCH_0001_SHA256=787fe4e8f98f0417e0c5d5fa8f578b25b888754e48a1ac4c7780324abbee83f3
PATCH_0002_SHA256=78280f4c58659ab1d41cf6e1d2bb5a750869fcf33e7311be27a0c6f1d376a757
REFERENCE_XAPP_BINARY=/usr/local/bin/flexric/xApp/c/xapp_oran_moni
REFERENCE_XAPP_BINARY_SHA256=dc13c53af9134c68336397ff593b21f8be8e7edee869af2626d993a2cf3f523a
