SOURCE_REPOSITORY=https://github.com/merimdzaferagic/CONVERGE-summer-school.git
SOURCE_CONVERGE_COMMIT=b1d6d36334a44a0dfeaacd643b82948259355d7c
AUDIT_WORKTREE_COMMIT=eca587d0597ad9c39702f984d770465ec9aa2ed5
FLEXRIC_SUBTREE_PATH=srsRAN/docker/flexRIC/flexric
FLEXRIC_TREE=bfd1a35b019f9ea7f48d5ee95e2751219e7ad578
E2AP_VERSION=E2AP_V2
KPM_VERSION=KPM_V3_00
XAPP_DB=NONE_XAPP
E2_AGENT_TARGET=emu_agent_gnb_du
REFERENCE_XAPP_TARGET=xapp_oran_moni
PATCH_0001_PATH=docker/patches/0001-xapp-oran-moni-initialize-mutex.patch
PATCH_0001_SHA256=787fe4e8f98f0417e0c5d5fa8f578b25b888754e48a1ac4c7780324abbee83f3
