IMAGE=tcd-oran/flexric-emulator:e2ap-v2-kpm-v3-b1d6d36
IMAGE_ID=sha256:c8856690a6241018903008b0997cb0f16bef991089e90cec9b64ae0c2732bbd0
IMAGE_CREATED=2026-07-24T13:34:52.052199275Z
IMAGE_SIZE_BYTES=309168620
PLATFORM=linux/amd64
SOURCE_CONVERGE_COMMIT=b1d6d36334a44a0dfeaacd643b82948259355d7c
FLEXRIC_TREE=bfd1a35b019f9ea7f48d5ee95e2751219e7ad578
E2AP_VERSION=E2AP_V2
KPM_VERSION=KPM_V3_00
