SCI_ORAN_DOCKER_ARCHIVE_LOCK_VERSION=1.0.0

EXPERIMENT_ID=EXP-20260817-A11R50-PRB25-18MBIT-R03
DATASET_ID=DS-20260817-001-r03-prb-actuation
DATASET_VERSION=v1.0.0

R03_SOFTWARE_COMMIT=8417f7b09db36a0121785f0cd6debf6fbea4d740
SRSRAN_SOURCE_REVISION=9d5dd742a70e82c0813c34f57982f9507f1b6d5d

RUNTIME_UNIQUE_IMAGE_COUNT=4

IMAGE_1_ROLE=5GC
IMAGE_1_RUNTIME_IMAGE_ID=sha256:e584550ebb654abcce8801c479d977f97b0397319e5dd92c1e06b7091d92160d
IMAGE_1_ARCHIVAL_REF=khoshaba/tb3-base05-artifacts:open5gs-v2.7.0-e584550e
IMAGE_1_REMOTE_DIGEST=sha256:e584550ebb654abcce8801c479d977f97b0397319e5dd92c1e06b7091d92160d
IMAGE_1_ARCHIVE_STATUS=ALREADY_PUBLISHED

IMAGE_2_ROLE=RIC_AND_R03_ACTUATOR
IMAGE_2_RUNTIME_IMAGE_ID=sha256:02a7181afaf1cb5892bbaaaeb3808e9db9bcb7594fa48396e3da56e210bc60bb
IMAGE_2_ARCHIVAL_REF=khoshaba/tb3-base05-artifacts:flexric-action11-e2ap-v3-live-probe-v1
IMAGE_2_REMOTE_DIGEST=sha256:02a7181afaf1cb5892bbaaaeb3808e9db9bcb7594fa48396e3da56e210bc60bb
IMAGE_2_ARCHIVE_STATUS=ALREADY_PUBLISHED

IMAGE_3_ROLE=GNB
IMAGE_3_RUNTIME_IMAGE_ID=sha256:4af028e1849c2c23848e342681d04ec1a1d2732ee25f7d41290018c93da05eb1
IMAGE_3_ARCHIVAL_REF=khoshaba/tb3-base05-artifacts:gnb-r03-action11r48-prbfix-9d5dd742-sandybridge-v1
IMAGE_3_REMOTE_OCI_INDEX_DIGEST=sha256:4af028e1849c2c23848e342681d04ec1a1d2732ee25f7d41290018c93da05eb1
IMAGE_3_LINUX_AMD64_MANIFEST_DIGEST=sha256:313fa9e812de266a61a5262631963907d50cfbb9323a4577d500eb5a6a3c1b2d
IMAGE_3_ARCHIVE_STATUS=PUBLISHED_IN_AO_R4

IMAGE_4_ROLE=UE
IMAGE_4_RUNTIME_IMAGE_ID=sha256:ea98a2ab87f98037bc172f8422dc1f5fc65ebad21f847bc10b5765b9ecf02410
IMAGE_4_ARCHIVAL_REF=khoshaba/tb3-base05-artifacts:srsue-zmq-23.11-eea87b1d893a-sandybridge-v2
IMAGE_4_REMOTE_DIGEST=sha256:ea98a2ab87f98037bc172f8422dc1f5fc65ebad21f847bc10b5765b9ecf02410
IMAGE_4_ARCHIVE_STATUS=ALREADY_PUBLISHED

TOOLBOX_IMAGE_ID=sha256:2f60d32db88bb07cfc8af06830fe5e25b3183c107591ce5044e1711eb28b0adb
TOOLBOX_ARCHIVE_CLASSIFICATION=NOT_REQUIRED_FOR_R03_RUNTIME_ARCHIVE

R03_CONTROL_REPEAT_ALLOWED=NO
R02_CONTROL_REPEAT_ALLOWED=NO
