RUNTIME_ID=TB3-GNB-ACTION11R-R03
RUNTIME_TYPE=tb3-gnb-e2sm-rc-prb-actuator
RUNTIME_OWNERSHIP=docker-compose
BASELINE_ID=BASE-05-ZMQ-001

CONTAINER_NAME=base05_srsran_gnb
COMPOSE_PROJECT=tcd-base05-zmq
COMPOSE_SERVICE=gnb

CONFIG_REPOSITORY_PATH=deploy/phase-2-flexric/tb3-runtime/configs/gnb-e2sm-rc.yaml
CONFIG_SHA256=a609ce90006e7fdded896cff31fe83679c8bb97741d6a002c10a2b30fac5542e

COMPOSE_OVERLAY_PATH=deploy/phase-2-flexric/tb3-runtime/compose.lifecycle-gnb.yml
COMPOSE_OVERLAY_SHA256=2aac7b7639ae8b63cc198e6cbf986d51e8107f02659f1dce5840bc478d0f3fd3

IMAGE_REF=sci-oran/gnb:action11r48-prbfix-sandybridge
IMAGE_ID=sha256:4af028e1849c2c23848e342681d04ec1a1d2732ee25f7d41290018c93da05eb1

SOURCE_REVISION=9d5dd742a70e82c0813c34f57982f9507f1b6d5d
REPAIR_PATCH_SHA256=21e1651d718c8532cb81ef842b127f6fd928c1ea65c4fb74c9c0b0b1f1a25631
PURPOSE=r03-runtime-prb-actuator-candidate
CPU_PROFILE=sandybridge-avx-no-avx2-no-fma

E2_ENABLED=true
E2_NODE_ROLE=DU
E2_RIC_ADDR=10.53.1.10
E2_RIC_PORT=36421
E2_BIND_ADDR=10.53.1.3
E2SM_KPM_ENABLED=false
E2SM_RC_ENABLED=true

NOTE=Current R03 runtime identity for Prompt 11R PRB actuator validation; historical captured-action11 lock remains immutable.
