RUNTIME_ID=TB3-FLEXRIC-RIC-ACTION11-202
RUNTIME_TYPE=tb3-near-rt-ric-standalone
RUNTIME_OWNERSHIP=standalone-docker-not-compose

CONTAINER_NAME=action11_202_flexric_ric_safe

IMAGE_REF=tcd-oran/flexric-action11:e2ap-v3-live-probe
IMAGE_DIGEST=tcd-oran/flexric-action11@sha256:02a7181afaf1cb5892bbaaaeb3808e9db9bcb7594fa48396e3da56e210bc60bb
IMAGE_ID=sha256:02a7181afaf1cb5892bbaaaeb3808e9db9bcb7594fa48396e3da56e210bc60bb

FLEXRIC_E2AP_VERSION=E2AP_V3
FLEXRIC_KPM_VERSION=KPM_V3_00
FLEXRIC_TREE=bfd1a35b019f9ea7f48d5ee95e2751219e7ad578
SOURCE_REVISION=b1d6d36334a44a0dfeaacd643b82948259355d7c

COMMAND=stdbuf -oL -eL /usr/local/bin/flexric/ric/nearRT-RIC -c /ric-action11.conf
WORKDIR=/opt/flexric

NETWORK=tcd-base05-zmq_ran
RIC_IP=10.53.1.10
E2_PORT=36421
E42_PORT=36422

CONFIG_REPOSITORY_PATH=deploy/phase-2-flexric/tb3-runtime/configs/ric.conf
CONFIG_CONTAINER_PATH=/ric-action11.conf
CONFIG_SHA256=940d8e1a87b8e937fea3678ca9fc47dd765f3bdf9f68f731cf6d2d47dda8be68

RESTART_POLICY=no
AUTO_REMOVE=false

BASE05_COMPOSE_MEMBER=false
BASE05_NETWORK_DEPENDENCY=true
