RUNTIME_ID=TB3-GNB-ACTION11-CURRENT
RUNTIME_TYPE=tb3-gnb-e2sm-rc-experimental
BASELINE_ID=BASE-05-ZMQ-001

CONTAINER_NAME=base05_srsran_gnb
COMPOSE_PROJECT=tcd-base05-zmq
COMPOSE_SERVICE=gnb

BASE_CONFIG_SHA256=1ebae6b10ac74e6f0d90997276aa506f989d672223be245b48e9d5fad42c0d5b
EFFECTIVE_CONFIG_SHA256=a609ce90006e7fdded896cff31fe83679c8bb97741d6a002c10a2b30fac5542e
E2_OVERRIDE_SHA256=957b29fb0e42e0cf80148683035a8e593093de614c1b5f0d80a98b4b60e5a12f
IMAGE_OVERRIDE_SHA256=d8bb433c2c8c5548ad0037833fda63e52a1487a7bd32e42bd0949c94250f12ad

IMAGE_REF=sci-oran/gnb:action11.226-plmnfix-sandybridge
IMAGE_DIGEST=sci-oran/gnb@sha256:aac094264803c663fd714af28840aa9db10d323526c5e0ca6cbc22645022c292
IMAGE_ID=sha256:aac094264803c663fd714af28840aa9db10d323526c5e0ca6cbc22645022c292

E2_ENABLED=true
E2_NODE_ROLE=DU
E2_RIC_ADDR=10.53.1.10
E2_RIC_PORT=36421
E2_BIND_ADDR=10.53.1.3
E2SM_KPM_ENABLED=false
E2SM_RC_ENABLED=true

CAPTURED_CONFIG=deploy/phase-2-flexric/tb3-runtime/captured-action11/gnb-action11.194-clean-e2-rc.yaml
CAPTURED_E2_OVERRIDE=deploy/phase-2-flexric/tb3-runtime/captured-action11/action11.194-clean-e2-override.yml
CAPTURED_IMAGE_OVERRIDE=deploy/phase-2-flexric/tb3-runtime/captured-action11/action11.229-patched-image.override.yml

NOTE=Captured exact Action11 runtime artifacts; temporary /tmp paths inside captured override are historical evidence and are not the future canonical lifecycle interface.
