BASELINE_ID=BASE-05-ZMQ-001
BASELINE_TYPE=software-only-zmq-srsue-no-ric
BASELINE_STATUS=validated-on-reference-vm

CONVERGE_REPOSITORY=git@github.com:merimdzaferagic/CONVERGE-summer-school.git
CONVERGE_SOURCE_SUBDIRECTORY=srsRAN
CONVERGE_SOURCE_COMMIT=eca587d0597ad9c39702f984d770465ec9aa2ed5

GNB_PROJECT_VERSION=24.10.0
GNB_DOCKERFILE_SHA256=2db53ba5c1f2ca66e5bfbc796956ac6c982a0f11eb9776e49cfb9a3fc46234bf
GNB_CONFIG_SHA256=ed2d02f4a72942dbb2401769f1f501c1a717adf6a1a45c722d1b65162981231c
GNB_IMAGE=srsran/gnb-zmq:24.10.0-eca587d0597a-v2
GNB_IMAGE_ID=sha256:7d0609d0ce08709ec4c244705f59300707f7982807f6dbf6588838113c688e2b
GNB_BUILD_MARCH=native

SRSRAN_4G_REPOSITORY=https://github.com/srsran/srsRAN_4G.git
SRSRAN_4G_TAG=release_23_11
SRSRAN_4G_COMMIT=eea87b1d893ae58e0b08bc381730c502024ae71f
SRSUE_PROJECT_VERSION=23.11
SRSUE_DOCKERFILE_SHA256=97306e10d86c1e24002553c00ea2431226c26b4f80aaa6655e08b98cfdc4843b
SRSUE_SOURCE_LOCK_SHA256=bc521d0a308f76655f5dd63e61ec5e9ef3e9e06ffedf023996b75b14f2058a7e
SRSUE_CONFIG_SHA256=ceab877f0f8105966ee89f910a98ee51158550a8503e7a6eea6e41fc8ce1e47e
SRSUE_IMAGE=srsran/srsue-zmq:23.11-eea87b1d893a
SRSUE_IMAGE_ID=sha256:b02c44dda074a512a916eb526e78ee895867fa5798adde2e3673935c1edcf622

REFERENCE_OVERRIDE_SHA256=53b7d8dcd5bb156df31c3a4c1d6a84be18ecc98e91a76f4e3d16538cf1655f8e
REFERENCE_EVIDENCE_ID=20260722T132224Z-zmq-audit
IMPORT_GATE_AUDIT_ID=20260723T162621Z-base06a5

BASE_IMAGE_DIGESTS_PINNED=false
APT_PACKAGE_VERSIONS_PINNED=false
BIT_REPRODUCIBLE_BUILD=false
