BASELINE_ID=BASE-05-ZMQ-001
BASELINE_TYPE=software-only-zmq-srsue-no-ric

RUNTIME_MODEL=compose.runtime.yml
RUNTIME_COMPOSE_SHA256=9ed0bf75ed2df503a3cfba373e508cc4a4b5332751c181fd93f97a7774742ce5
RUNTIME_PROJECT_NAME=tcd-base05-zmq

RUNTIME_SERVICES=5gc,gnb,srsue
RUNTIME_NETWORK=ran
RUNTIME_SUBNET=10.53.1.0/24

CORE_IMAGE=tcd-oran/base05-open5gs:v2.7.0-e584550e
GNB_IMAGE=srsran/gnb-zmq:24.10.0-eca587d0597a-v2
SRSUE_IMAGE=srsran/srsue-zmq:23.11-eea87b1d893a

GNB_CONFIG_SHA256=1ebae6b10ac74e6f0d90997276aa506f989d672223be245b48e9d5fad42c0d5b
SRSUE_CONFIG_SHA256=ceab877f0f8105966ee89f910a98ee51158550a8503e7a6eea6e41fc8ce1e47e
OPEN5GS_ENV_EXAMPLE_SHA256=2785e6bd359afc3a0fb468b43e933a82a16977c5a6a676bd38fa214fc5167b79

BUILD_DECLARATIONS_PRESENT=false
ABSOLUTE_VM_BIND_PATHS_PRESENT=false
REFERENCE_TESTMODE_CONFIG_PRESENT=false
METRICS_PROFILE_INCLUDED=false
CONTAINERS_STARTED_DURING_BASE06B2=false
CORE_IMAGE_ID=sha256:e584550ebb654abcce8801c479d977f97b0397319e5dd92c1e06b7091d92160d
RUNTIME_PULL_POLICY=never
VALIDATED_CORE_SOURCE_TAG=base05-zmq-5gc:latest
